
Microsoft Visual Studio Solution File, Format Version 12.00
# Visual Studio Version 17
VisualStudioVersion = 17.0.31903.59
MinimumVisualStudioVersion = 10.0.40219.1
Project("{FAE04EC0-301F-11D3-BF4B-00C04F79EFBC}") = "HowManyOfThisType", "HowManyOfThisType\HowManyOfThisType.csproj", "{FC86719D-7C12-4FE7-8F63-83416B99FC04}"
EndProject
Project("{FAE04EC0-301F-11D3-BF4B-00C04F79EFBC}") = "TheyCameBefore", "TheyCameBefore\TheyCameBefore.csproj", "{0F643342-027D-4705-86A7-DF0A521FC513}"
EndProject
Project("{FAE04EC0-301F-11D3-BF4B-00C04F79EFBC}") = "MyGenericClass", "MyGenericClass\MyGenericClass.csproj", "{AAF64663-D696-4486-B44C-4D94C1B0A6AA}"
EndProject
Project("{FAE04EC0-301F-11D3-BF4B-00C04F79EFBC}") = "MyEnumerable", "MyEnumerable\MyEnumerable.csproj", "{EA5ABCB4-0455-4F3D-8AC1-74738786E717}"
EndProject
Global
	GlobalSection(SolutionConfigurationPlatforms) = preSolution
		Debug|Any CPU = Debug|Any CPU
		Release|Any CPU = Release|Any CPU
	EndGlobalSection
	GlobalSection(SolutionProperties) = preSolution
		HideSolutionNode = FALSE
	EndGlobalSection
	GlobalSection(ProjectConfigurationPlatforms) = postSolution
		{FC86719D-7C12-4FE7-8F63-83416B99FC04}.Debug|Any CPU.ActiveCfg = Debug|Any CPU
		{FC86719D-7C12-4FE7-8F63-83416B99FC04}.Debug|Any CPU.Build.0 = Debug|Any CPU
		{FC86719D-7C12-4FE7-8F63-83416B99FC04}.Release|Any CPU.ActiveCfg = Release|Any CPU
		{FC86719D-7C12-4FE7-8F63-83416B99FC04}.Release|Any CPU.Build.0 = Release|Any CPU
		{0F643342-027D-4705-86A7-DF0A521FC513}.Debug|Any CPU.ActiveCfg = Debug|Any CPU
		{0F643342-027D-4705-86A7-DF0A521FC513}.Debug|Any CPU.Build.0 = Debug|Any CPU
		{0F643342-027D-4705-86A7-DF0A521FC513}.Release|Any CPU.ActiveCfg = Release|Any CPU
		{0F643342-027D-4705-86A7-DF0A521FC513}.Release|Any CPU.Build.0 = Release|Any CPU
		{AAF64663-D696-4486-B44C-4D94C1B0A6AA}.Debug|Any CPU.ActiveCfg = Debug|Any CPU
		{AAF64663-D696-4486-B44C-4D94C1B0A6AA}.Debug|Any CPU.Build.0 = Debug|Any CPU
		{AAF64663-D696-4486-B44C-4D94C1B0A6AA}.Release|Any CPU.ActiveCfg = Release|Any CPU
		{AAF64663-D696-4486-B44C-4D94C1B0A6AA}.Release|Any CPU.Build.0 = Release|Any CPU
		{EA5ABCB4-0455-4F3D-8AC1-74738786E717}.Debug|Any CPU.ActiveCfg = Debug|Any CPU
		{EA5ABCB4-0455-4F3D-8AC1-74738786E717}.Debug|Any CPU.Build.0 = Debug|Any CPU
		{EA5ABCB4-0455-4F3D-8AC1-74738786E717}.Release|Any CPU.ActiveCfg = Release|Any CPU
		{EA5ABCB4-0455-4F3D-8AC1-74738786E717}.Release|Any CPU.Build.0 = Release|Any CPU
	EndGlobalSection
EndGlobal
